# This file was autogenerated by Stack.
# You should not edit this file by hand.
# For more information, please see the documentation at:
#   https://docs.haskellstack.org/en/stable/topics/lock_files

packages:
- completed:
    commit: 5083584527a76934be0c361c6a1cc9eabc2a41f3
    git: https://github.com/dmjio/miso
    name: miso
    pantry-tree:
      sha256: 7303db152b10e4c789b3cc58a533189410e05a00c7d253fdb99d512763f153c7
      size: 9973
    version: 1.9.0.0
  original:
    commit: 5083584527a76934be0c361c6a1cc9eabc2a41f3
    git: https://github.com/dmjio/miso
- completed:
    hackage: ParserFunction-0.1.0@sha256:57d0ec5555b25bd7505204f00602bf26ba7eadcd744817b110cd78c48a7a2dc5,754
    pantry-tree:
      sha256: 41f6770eb95fc11f98a063f60d4d94257c315e07198e691854612a994def37b8
      size: 227
  original:
    hackage: ParserFunction-0.1.0
snapshots:
- completed:
    sha256: e9b93acfb8aaf8ae4869050506553a963a8adba95748cd60356f9ffe64f03345
    size: 712232
    url: https://raw.githubusercontent.com/commercialhaskell/stackage-snapshots/master/nightly/2025/5/28.yaml
  original: nightly-2025-05-28
